
Microsoft Visual Studio Solution File, Format Version 12.00
# Visual Studio 15
VisualStudioVersion = 15.0.26124.0
MinimumVisualStudioVersion = 15.0.26124.0
Project("{FAE04EC0-301F-11D3-BF4B-00C04F79EFBC}") = "Flutter.Client", "Flutter.Client\Flutter.Client.csproj", "{A9D88FC4-5D90-4499-9AB3-D348CD92980B}"
EndProject
Project("{FAE04EC0-301F-11D3-BF4B-00C04F79EFBC}") = "Flutter.Domain", "Flutter.Domain\Flutter.Domain.csproj", "{C530CFAD-471D-4FBB-B479-3B4FF038E402}"
EndProject
Project("{FAE04EC0-301F-11D3-BF4B-00C04F79EFBC}") = "Flutter.Storing", "Flutter.Storing\Flutter.Storing.csproj", "{8C593286-4E9A-478E-9ABD-112977EFE73C}"
EndProject
Project("{FAE04EC0-301F-11D3-BF4B-00C04F79EFBC}") = "Flutter.Testing", "Flutter.Testing\Flutter.Testing.csproj", "{C7E84DE8-26EC-4FC1-B7C6-CA694EFA4483}"
EndProject
Global
	GlobalSection(SolutionConfigurationPlatforms) = preSolution
		Debug|Any CPU = Debug|Any CPU
		Debug|x64 = Debug|x64
		Debug|x86 = Debug|x86
		Release|Any CPU = Release|Any CPU
		Release|x64 = Release|x64
		Release|x86 = Release|x86
	EndGlobalSection
	GlobalSection(SolutionProperties) = preSolution
		HideSolutionNode = FALSE
	EndGlobalSection
	GlobalSection(ProjectConfigurationPlatforms) = postSolution
		{A9D88FC4-5D90-4499-9AB3-D348CD92980B}.Debug|Any CPU.ActiveCfg = Debug|Any CPU
		{A9D88FC4-5D90-4499-9AB3-D348CD92980B}.Debug|Any CPU.Build.0 = Debug|Any CPU
		{A9D88FC4-5D90-4499-9AB3-D348CD92980B}.Debug|x64.ActiveCfg = Debug|Any CPU
		{A9D88FC4-5D90-4499-9AB3-D348CD92980B}.Debug|x64.Build.0 = Debug|Any CPU
		{A9D88FC4-5D90-4499-9AB3-D348CD92980B}.Debug|x86.ActiveCfg = Debug|Any CPU
		{A9D88FC4-5D90-4499-9AB3-D348CD92980B}.Debug|x86.Build.0 = Debug|Any CPU
		{A9D88FC4-5D90-4499-9AB3-D348CD92980B}.Release|Any CPU.ActiveCfg = Release|Any CPU
		{A9D88FC4-5D90-4499-9AB3-D348CD92980B}.Release|Any CPU.Build.0 = Release|Any CPU
		{A9D88FC4-5D90-4499-9AB3-D348CD92980B}.Release|x64.ActiveCfg = Release|Any CPU
		{A9D88FC4-5D90-4499-9AB3-D348CD92980B}.Release|x64.Build.0 = Release|Any CPU
		{A9D88FC4-5D90-4499-9AB3-D348CD92980B}.Release|x86.ActiveCfg = Release|Any CPU
		{A9D88FC4-5D90-4499-9AB3-D348CD92980B}.Release|x86.Build.0 = Release|Any CPU
		{C530CFAD-471D-4FBB-B479-3B4FF038E402}.Debug|Any CPU.ActiveCfg = Debug|Any CPU
		{C530CFAD-471D-4FBB-B479-3B4FF038E402}.Debug|Any CPU.Build.0 = Debug|Any CPU
		{C530CFAD-471D-4FBB-B479-3B4FF038E402}.Debug|x64.ActiveCfg = Debug|Any CPU
		{C530CFAD-471D-4FBB-B479-3B4FF038E402}.Debug|x64.Build.0 = Debug|Any CPU
		{C530CFAD-471D-4FBB-B479-3B4FF038E402}.Debug|x86.ActiveCfg = Debug|Any CPU
		{C530CFAD-471D-4FBB-B479-3B4FF038E402}.Debug|x86.Build.0 = Debug|Any CPU
		{C530CFAD-471D-4FBB-B479-3B4FF038E402}.Release|Any CPU.ActiveCfg = Release|Any CPU
		{C530CFAD-471D-4FBB-B479-3B4FF038E402}.Release|Any CPU.Build.0 = Release|Any CPU
		{C530CFAD-471D-4FBB-B479-3B4FF038E402}.Release|x64.ActiveCfg = Release|Any CPU
		{C530CFAD-471D-4FBB-B479-3B4FF038E402}.Release|x64.Build.0 = Release|Any CPU
		{C530CFAD-471D-4FBB-B479-3B4FF038E402}.Release|x86.ActiveCfg = Release|Any CPU
		{C530CFAD-471D-4FBB-B479-3B4FF038E402}.Release|x86.Build.0 = Release|Any CPU
		{8C593286-4E9A-478E-9ABD-112977EFE73C}.Debug|Any CPU.ActiveCfg = Debug|Any CPU
		{8C593286-4E9A-478E-9ABD-112977EFE73C}.Debug|Any CPU.Build.0 = Debug|Any CPU
		{8C593286-4E9A-478E-9ABD-112977EFE73C}.Debug|x64.ActiveCfg = Debug|Any CPU
		{8C593286-4E9A-478E-9ABD-112977EFE73C}.Debug|x64.Build.0 = Debug|Any CPU
		{8C593286-4E9A-478E-9ABD-112977EFE73C}.Debug|x86.ActiveCfg = Debug|Any CPU
		{8C593286-4E9A-478E-9ABD-112977EFE73C}.Debug|x86.Build.0 = Debug|Any CPU
		{8C593286-4E9A-478E-9ABD-112977EFE73C}.Release|Any CPU.ActiveCfg = Release|Any CPU
		{8C593286-4E9A-478E-9ABD-112977EFE73C}.Release|Any CPU.Build.0 = Release|Any CPU
		{8C593286-4E9A-478E-9ABD-112977EFE73C}.Release|x64.ActiveCfg = Release|Any CPU
		{8C593286-4E9A-478E-9ABD-112977EFE73C}.Release|x64.Build.0 = Release|Any CPU
		{8C593286-4E9A-478E-9ABD-112977EFE73C}.Release|x86.ActiveCfg = Release|Any CPU
		{8C593286-4E9A-478E-9ABD-112977EFE73C}.Release|x86.Build.0 = Release|Any CPU
		{C7E84DE8-26EC-4FC1-B7C6-CA694EFA4483}.Debug|Any CPU.ActiveCfg = Debug|Any CPU
		{C7E84DE8-26EC-4FC1-B7C6-CA694EFA4483}.Debug|Any CPU.Build.0 = Debug|Any CPU
		{C7E84DE8-26EC-4FC1-B7C6-CA694EFA4483}.Debug|x64.ActiveCfg = Debug|Any CPU
		{C7E84DE8-26EC-4FC1-B7C6-CA694EFA4483}.Debug|x64.Build.0 = Debug|Any CPU
		{C7E84DE8-26EC-4FC1-B7C6-CA694EFA4483}.Debug|x86.ActiveCfg = Debug|Any CPU
		{C7E84DE8-26EC-4FC1-B7C6-CA694EFA4483}.Debug|x86.Build.0 = Debug|Any CPU
		{C7E84DE8-26EC-4FC1-B7C6-CA694EFA4483}.Release|Any CPU.ActiveCfg = Release|Any CPU
		{C7E84DE8-26EC-4FC1-B7C6-CA694EFA4483}.Release|Any CPU.Build.0 = Release|Any CPU
		{C7E84DE8-26EC-4FC1-B7C6-CA694EFA4483}.Release|x64.ActiveCfg = Release|Any CPU
		{C7E84DE8-26EC-4FC1-B7C6-CA694EFA4483}.Release|x64.Build.0 = Release|Any CPU
		{C7E84DE8-26EC-4FC1-B7C6-CA694EFA4483}.Release|x86.ActiveCfg = Release|Any CPU
		{C7E84DE8-26EC-4FC1-B7C6-CA694EFA4483}.Release|x86.Build.0 = Release|Any CPU
	EndGlobalSection
EndGlobal
