
Microsoft Visual Studio Solution File, Format Version 12.00
# Visual Studio 15
VisualStudioVersion = 15.0.26124.0
MinimumVisualStudioVersion = 15.0.26124.0
Project("{FAE04EC0-301F-11D3-BF4B-00C04F79EFBC}") = "Flutter.Client", "Flutter.Client\Flutter.Client.csproj", "{D4717158-4E16-468A-8FCE-12F3715BF922}"
EndProject
Project("{FAE04EC0-301F-11D3-BF4B-00C04F79EFBC}") = "Flutter.Domain", "Flutter.Domain\Flutter.Domain.csproj", "{32D1E0BC-0BF0-4598-8255-12D5C93C3E90}"
EndProject
Project("{FAE04EC0-301F-11D3-BF4B-00C04F79EFBC}") = "Flutter.Storing", "Flutter.Storing\Flutter.Storing.csproj", "{9F5FB665-C40A-4B2B-A13D-C6D72F69D310}"
EndProject
Project("{FAE04EC0-301F-11D3-BF4B-00C04F79EFBC}") = "Flutter.Testing", "Flutter.Testing\Flutter.Testing.csproj", "{11D92253-3DFF-4AE3-8EE2-4EF479CD7FCD}"
EndProject
Global
	GlobalSection(SolutionConfigurationPlatforms) = preSolution
		Debug|Any CPU = Debug|Any CPU
		Debug|x64 = Debug|x64
		Debug|x86 = Debug|x86
		Release|Any CPU = Release|Any CPU
		Release|x64 = Release|x64
		Release|x86 = Release|x86
	EndGlobalSection
	GlobalSection(SolutionProperties) = preSolution
		HideSolutionNode = FALSE
	EndGlobalSection
	GlobalSection(ProjectConfigurationPlatforms) = postSolution
		{D4717158-4E16-468A-8FCE-12F3715BF922}.Debug|Any CPU.ActiveCfg = Debug|Any CPU
		{D4717158-4E16-468A-8FCE-12F3715BF922}.Debug|Any CPU.Build.0 = Debug|Any CPU
		{D4717158-4E16-468A-8FCE-12F3715BF922}.Debug|x64.ActiveCfg = Debug|Any CPU
		{D4717158-4E16-468A-8FCE-12F3715BF922}.Debug|x64.Build.0 = Debug|Any CPU
		{D4717158-4E16-468A-8FCE-12F3715BF922}.Debug|x86.ActiveCfg = Debug|Any CPU
		{D4717158-4E16-468A-8FCE-12F3715BF922}.Debug|x86.Build.0 = Debug|Any CPU
		{D4717158-4E16-468A-8FCE-12F3715BF922}.Release|Any CPU.ActiveCfg = Release|Any CPU
		{D4717158-4E16-468A-8FCE-12F3715BF922}.Release|Any CPU.Build.0 = Release|Any CPU
		{D4717158-4E16-468A-8FCE-12F3715BF922}.Release|x64.ActiveCfg = Release|Any CPU
		{D4717158-4E16-468A-8FCE-12F3715BF922}.Release|x64.Build.0 = Release|Any CPU
		{D4717158-4E16-468A-8FCE-12F3715BF922}.Release|x86.ActiveCfg = Release|Any CPU
		{D4717158-4E16-468A-8FCE-12F3715BF922}.Release|x86.Build.0 = Release|Any CPU
		{32D1E0BC-0BF0-4598-8255-12D5C93C3E90}.Debug|Any CPU.ActiveCfg = Debug|Any CPU
		{32D1E0BC-0BF0-4598-8255-12D5C93C3E90}.Debug|Any CPU.Build.0 = Debug|Any CPU
		{32D1E0BC-0BF0-4598-8255-12D5C93C3E90}.Debug|x64.ActiveCfg = Debug|Any CPU
		{32D1E0BC-0BF0-4598-8255-12D5C93C3E90}.Debug|x64.Build.0 = Debug|Any CPU
		{32D1E0BC-0BF0-4598-8255-12D5C93C3E90}.Debug|x86.ActiveCfg = Debug|Any CPU
		{32D1E0BC-0BF0-4598-8255-12D5C93C3E90}.Debug|x86.Build.0 = Debug|Any CPU
		{32D1E0BC-0BF0-4598-8255-12D5C93C3E90}.Release|Any CPU.ActiveCfg = Release|Any CPU
		{32D1E0BC-0BF0-4598-8255-12D5C93C3E90}.Release|Any CPU.Build.0 = Release|Any CPU
		{32D1E0BC-0BF0-4598-8255-12D5C93C3E90}.Release|x64.ActiveCfg = Release|Any CPU
		{32D1E0BC-0BF0-4598-8255-12D5C93C3E90}.Release|x64.Build.0 = Release|Any CPU
		{32D1E0BC-0BF0-4598-8255-12D5C93C3E90}.Release|x86.ActiveCfg = Release|Any CPU
		{32D1E0BC-0BF0-4598-8255-12D5C93C3E90}.Release|x86.Build.0 = Release|Any CPU
		{9F5FB665-C40A-4B2B-A13D-C6D72F69D310}.Debug|Any CPU.ActiveCfg = Debug|Any CPU
		{9F5FB665-C40A-4B2B-A13D-C6D72F69D310}.Debug|Any CPU.Build.0 = Debug|Any CPU
		{9F5FB665-C40A-4B2B-A13D-C6D72F69D310}.Debug|x64.ActiveCfg = Debug|Any CPU
		{9F5FB665-C40A-4B2B-A13D-C6D72F69D310}.Debug|x64.Build.0 = Debug|Any CPU
		{9F5FB665-C40A-4B2B-A13D-C6D72F69D310}.Debug|x86.ActiveCfg = Debug|Any CPU
		{9F5FB665-C40A-4B2B-A13D-C6D72F69D310}.Debug|x86.Build.0 = Debug|Any CPU
		{9F5FB665-C40A-4B2B-A13D-C6D72F69D310}.Release|Any CPU.ActiveCfg = Release|Any CPU
		{9F5FB665-C40A-4B2B-A13D-C6D72F69D310}.Release|Any CPU.Build.0 = Release|Any CPU
		{9F5FB665-C40A-4B2B-A13D-C6D72F69D310}.Release|x64.ActiveCfg = Release|Any CPU
		{9F5FB665-C40A-4B2B-A13D-C6D72F69D310}.Release|x64.Build.0 = Release|Any CPU
		{9F5FB665-C40A-4B2B-A13D-C6D72F69D310}.Release|x86.ActiveCfg = Release|Any CPU
		{9F5FB665-C40A-4B2B-A13D-C6D72F69D310}.Release|x86.Build.0 = Release|Any CPU
		{11D92253-3DFF-4AE3-8EE2-4EF479CD7FCD}.Debug|Any CPU.ActiveCfg = Debug|Any CPU
		{11D92253-3DFF-4AE3-8EE2-4EF479CD7FCD}.Debug|Any CPU.Build.0 = Debug|Any CPU
		{11D92253-3DFF-4AE3-8EE2-4EF479CD7FCD}.Debug|x64.ActiveCfg = Debug|Any CPU
		{11D92253-3DFF-4AE3-8EE2-4EF479CD7FCD}.Debug|x64.Build.0 = Debug|Any CPU
		{11D92253-3DFF-4AE3-8EE2-4EF479CD7FCD}.Debug|x86.ActiveCfg = Debug|Any CPU
		{11D92253-3DFF-4AE3-8EE2-4EF479CD7FCD}.Debug|x86.Build.0 = Debug|Any CPU
		{11D92253-3DFF-4AE3-8EE2-4EF479CD7FCD}.Release|Any CPU.ActiveCfg = Release|Any CPU
		{11D92253-3DFF-4AE3-8EE2-4EF479CD7FCD}.Release|Any CPU.Build.0 = Release|Any CPU
		{11D92253-3DFF-4AE3-8EE2-4EF479CD7FCD}.Release|x64.ActiveCfg = Release|Any CPU
		{11D92253-3DFF-4AE3-8EE2-4EF479CD7FCD}.Release|x64.Build.0 = Release|Any CPU
		{11D92253-3DFF-4AE3-8EE2-4EF479CD7FCD}.Release|x86.ActiveCfg = Release|Any CPU
		{11D92253-3DFF-4AE3-8EE2-4EF479CD7FCD}.Release|x86.Build.0 = Release|Any CPU
	EndGlobalSection
EndGlobal
